
Microsoft Visual Studio Solution File, Format Version 12.00
# Visual Studio Version 17
VisualStudioVersion = 17.3.32901.215
MinimumVisualStudioVersion = 10.0.40219.1
Project("{FAE04EC0-301F-11D3-BF4B-00C04F79EFBC}") = "Pizzaria", "Pizzaria\Pizzaria.csproj", "{40A0C0DF-731C-4C4E-AA9C-1F67B3597128}"
EndProject
Project("{FAE04EC0-301F-11D3-BF4B-00C04F79EFBC}") = "PizzariaLibrary", "PizzariaLibrary\PizzariaLibrary.csproj", "{FBF38BFF-1D6B-4923-A982-2161D10896EB}"
EndProject
Global
	GlobalSection(SolutionConfigurationPlatforms) = preSolution
		Debug|Any CPU = Debug|Any CPU
		Release|Any CPU = Release|Any CPU
	EndGlobalSection
	GlobalSection(ProjectConfigurationPlatforms) = postSolution
		{40A0C0DF-731C-4C4E-AA9C-1F67B3597128}.Debug|Any CPU.ActiveCfg = Debug|Any CPU
		{40A0C0DF-731C-4C4E-AA9C-1F67B3597128}.Debug|Any CPU.Build.0 = Debug|Any CPU
		{40A0C0DF-731C-4C4E-AA9C-1F67B3597128}.Release|Any CPU.ActiveCfg = Release|Any CPU
		{40A0C0DF-731C-4C4E-AA9C-1F67B3597128}.Release|Any CPU.Build.0 = Release|Any CPU
		{FBF38BFF-1D6B-4923-A982-2161D10896EB}.Debug|Any CPU.ActiveCfg = Debug|Any CPU
		{FBF38BFF-1D6B-4923-A982-2161D10896EB}.Debug|Any CPU.Build.0 = Debug|Any CPU
		{FBF38BFF-1D6B-4923-A982-2161D10896EB}.Release|Any CPU.ActiveCfg = Release|Any CPU
		{FBF38BFF-1D6B-4923-A982-2161D10896EB}.Release|Any CPU.Build.0 = Release|Any CPU
	EndGlobalSection
	GlobalSection(SolutionProperties) = preSolution
		HideSolutionNode = FALSE
	EndGlobalSection
	GlobalSection(ExtensibilityGlobals) = postSolution
		SolutionGuid = {BE746381-4F93-4490-ACD4-CF775E9E53FA}
	EndGlobalSection
EndGlobal
